
Microsoft Visual Studio Solution File, Format Version 12.00
# Visual Studio Version 17
VisualStudioVersion = 17.0.31903.59
MinimumVisualStudioVersion = 10.0.40219.1
Project("{FAE04EC0-301F-11D3-BF4B-00C04F79EFBC}") = "API", "API\API.csproj", "{9A9A5EB3-206C-40CB-88EB-0A729AD8288C}"
EndProject
Project("{FAE04EC0-301F-11D3-BF4B-00C04F79EFBC}") = "Application", "Application\Application.csproj", "{8344F2A6-DFDF-4838-9FAB-B4480FCEEA96}"
EndProject
Project("{FAE04EC0-301F-11D3-BF4B-00C04F79EFBC}") = "Domain", "Domain\Domain.csproj", "{D8BBCE05-186A-4AE8-B864-8E5AAB09BFFA}"
EndProject
Project("{FAE04EC0-301F-11D3-BF4B-00C04F79EFBC}") = "Persistence", "Persistence\Persistence.csproj", "{3B8EE509-BF44-41F1-AFB8-A93C11EB9D27}"
EndProject
Global
	GlobalSection(SolutionConfigurationPlatforms) = preSolution
		Debug|Any CPU = Debug|Any CPU
		Debug|x64 = Debug|x64
		Debug|x86 = Debug|x86
		Release|Any CPU = Release|Any CPU
		Release|x64 = Release|x64
		Release|x86 = Release|x86
	EndGlobalSection
	GlobalSection(ProjectConfigurationPlatforms) = postSolution
		{9A9A5EB3-206C-40CB-88EB-0A729AD8288C}.Debug|Any CPU.ActiveCfg = Debug|Any CPU
		{9A9A5EB3-206C-40CB-88EB-0A729AD8288C}.Debug|Any CPU.Build.0 = Debug|Any CPU
		{9A9A5EB3-206C-40CB-88EB-0A729AD8288C}.Debug|x64.ActiveCfg = Debug|Any CPU
		{9A9A5EB3-206C-40CB-88EB-0A729AD8288C}.Debug|x64.Build.0 = Debug|Any CPU
		{9A9A5EB3-206C-40CB-88EB-0A729AD8288C}.Debug|x86.ActiveCfg = Debug|Any CPU
		{9A9A5EB3-206C-40CB-88EB-0A729AD8288C}.Debug|x86.Build.0 = Debug|Any CPU
		{9A9A5EB3-206C-40CB-88EB-0A729AD8288C}.Release|Any CPU.ActiveCfg = Release|Any CPU
		{9A9A5EB3-206C-40CB-88EB-0A729AD8288C}.Release|Any CPU.Build.0 = Release|Any CPU
		{9A9A5EB3-206C-40CB-88EB-0A729AD8288C}.Release|x64.ActiveCfg = Release|Any CPU
		{9A9A5EB3-206C-40CB-88EB-0A729AD8288C}.Release|x64.Build.0 = Release|Any CPU
		{9A9A5EB3-206C-40CB-88EB-0A729AD8288C}.Release|x86.ActiveCfg = Release|Any CPU
		{9A9A5EB3-206C-40CB-88EB-0A729AD8288C}.Release|x86.Build.0 = Release|Any CPU
		{8344F2A6-DFDF-4838-9FAB-B4480FCEEA96}.Debug|Any CPU.ActiveCfg = Debug|Any CPU
		{8344F2A6-DFDF-4838-9FAB-B4480FCEEA96}.Debug|Any CPU.Build.0 = Debug|Any CPU
		{8344F2A6-DFDF-4838-9FAB-B4480FCEEA96}.Debug|x64.ActiveCfg = Debug|Any CPU
		{8344F2A6-DFDF-4838-9FAB-B4480FCEEA96}.Debug|x64.Build.0 = Debug|Any CPU
		{8344F2A6-DFDF-4838-9FAB-B4480FCEEA96}.Debug|x86.ActiveCfg = Debug|Any CPU
		{8344F2A6-DFDF-4838-9FAB-B4480FCEEA96}.Debug|x86.Build.0 = Debug|Any CPU
		{8344F2A6-DFDF-4838-9FAB-B4480FCEEA96}.Release|Any CPU.ActiveCfg = Release|Any CPU
		{8344F2A6-DFDF-4838-9FAB-B4480FCEEA96}.Release|Any CPU.Build.0 = Release|Any CPU
		{8344F2A6-DFDF-4838-9FAB-B4480FCEEA96}.Release|x64.ActiveCfg = Release|Any CPU
		{8344F2A6-DFDF-4838-9FAB-B4480FCEEA96}.Release|x64.Build.0 = Release|Any CPU
		{8344F2A6-DFDF-4838-9FAB-B4480FCEEA96}.Release|x86.ActiveCfg = Release|Any CPU
		{8344F2A6-DFDF-4838-9FAB-B4480FCEEA96}.Release|x86.Build.0 = Release|Any CPU
		{D8BBCE05-186A-4AE8-B864-8E5AAB09BFFA}.Debug|Any CPU.ActiveCfg = Debug|Any CPU
		{D8BBCE05-186A-4AE8-B864-8E5AAB09BFFA}.Debug|Any CPU.Build.0 = Debug|Any CPU
		{D8BBCE05-186A-4AE8-B864-8E5AAB09BFFA}.Debug|x64.ActiveCfg = Debug|Any CPU
		{D8BBCE05-186A-4AE8-B864-8E5AAB09BFFA}.Debug|x64.Build.0 = Debug|Any CPU
		{D8BBCE05-186A-4AE8-B864-8E5AAB09BFFA}.Debug|x86.ActiveCfg = Debug|Any CPU
		{D8BBCE05-186A-4AE8-B864-8E5AAB09BFFA}.Debug|x86.Build.0 = Debug|Any CPU
		{D8BBCE05-186A-4AE8-B864-8E5AAB09BFFA}.Release|Any CPU.ActiveCfg = Release|Any CPU
		{D8BBCE05-186A-4AE8-B864-8E5AAB09BFFA}.Release|Any CPU.Build.0 = Release|Any CPU
		{D8BBCE05-186A-4AE8-B864-8E5AAB09BFFA}.Release|x64.ActiveCfg = Release|Any CPU
		{D8BBCE05-186A-4AE8-B864-8E5AAB09BFFA}.Release|x64.Build.0 = Release|Any CPU
		{D8BBCE05-186A-4AE8-B864-8E5AAB09BFFA}.Release|x86.ActiveCfg = Release|Any CPU
		{D8BBCE05-186A-4AE8-B864-8E5AAB09BFFA}.Release|x86.Build.0 = Release|Any CPU
		{3B8EE509-BF44-41F1-AFB8-A93C11EB9D27}.Debug|Any CPU.ActiveCfg = Debug|Any CPU
		{3B8EE509-BF44-41F1-AFB8-A93C11EB9D27}.Debug|Any CPU.Build.0 = Debug|Any CPU
		{3B8EE509-BF44-41F1-AFB8-A93C11EB9D27}.Debug|x64.ActiveCfg = Debug|Any CPU
		{3B8EE509-BF44-41F1-AFB8-A93C11EB9D27}.Debug|x64.Build.0 = Debug|Any CPU
		{3B8EE509-BF44-41F1-AFB8-A93C11EB9D27}.Debug|x86.ActiveCfg = Debug|Any CPU
		{3B8EE509-BF44-41F1-AFB8-A93C11EB9D27}.Debug|x86.Build.0 = Debug|Any CPU
		{3B8EE509-BF44-41F1-AFB8-A93C11EB9D27}.Release|Any CPU.ActiveCfg = Release|Any CPU
		{3B8EE509-BF44-41F1-AFB8-A93C11EB9D27}.Release|Any CPU.Build.0 = Release|Any CPU
		{3B8EE509-BF44-41F1-AFB8-A93C11EB9D27}.Release|x64.ActiveCfg = Release|Any CPU
		{3B8EE509-BF44-41F1-AFB8-A93C11EB9D27}.Release|x64.Build.0 = Release|Any CPU
		{3B8EE509-BF44-41F1-AFB8-A93C11EB9D27}.Release|x86.ActiveCfg = Release|Any CPU
		{3B8EE509-BF44-41F1-AFB8-A93C11EB9D27}.Release|x86.Build.0 = Release|Any CPU
	EndGlobalSection
	GlobalSection(SolutionProperties) = preSolution
		HideSolutionNode = FALSE
	EndGlobalSection
EndGlobal
